
Microsoft Visual Studio Solution File, Format Version 12.00
# Visual Studio Version 16
VisualStudioVersion = 16.0.32106.194
MinimumVisualStudioVersion = 10.0.40219.1
Project("{FAE04EC0-301F-11D3-BF4B-00C04F79EFBC}") = "POC IE Behaviour", "POC IE Behaviour.csproj", "{946A65F1-7EE8-466A-A4F3-4BDCE2C4B706}"
EndProject
Global
	GlobalSection(SolutionConfigurationPlatforms) = preSolution
		Debug|Any CPU = Debug|Any CPU
		Release|Any CPU = Release|Any CPU
	EndGlobalSection
	GlobalSection(ProjectConfigurationPlatforms) = postSolution
		{946A65F1-7EE8-466A-A4F3-4BDCE2C4B706}.Debug|Any CPU.ActiveCfg = Debug|Any CPU
		{946A65F1-7EE8-466A-A4F3-4BDCE2C4B706}.Debug|Any CPU.Build.0 = Debug|Any CPU
		{946A65F1-7EE8-466A-A4F3-4BDCE2C4B706}.Release|Any CPU.ActiveCfg = Release|Any CPU
		{946A65F1-7EE8-466A-A4F3-4BDCE2C4B706}.Release|Any CPU.Build.0 = Release|Any CPU
	EndGlobalSection
	GlobalSection(SolutionProperties) = preSolution
		HideSolutionNode = FALSE
	EndGlobalSection
	GlobalSection(ExtensibilityGlobals) = postSolution
		SolutionGuid = {D89828E4-3B1F-49EF-8107-FC48AB01DAAA}
	EndGlobalSection
EndGlobal
